
Microsoft Visual Studio Solution File, Format Version 12.00
# Visual Studio 15
Project("{FAE04EC0-301F-11D3-BF4B-00C04F79EFBC}") = "L-system-weapon-generator", "L-system-weapon-generator.csproj", "{70906C07-C465-3FC7-7249-4EE9683D82C5}"
EndProject
Project("{FAE04EC0-301F-11D3-BF4B-00C04F79EFBC}") = "L-system-weapon-generator.Plugins", "L-system-weapon-generator.Plugins.csproj", "{F1E6EA45-5AFE-A1FA-27C7-AE4D4DE6C404}"
EndProject
Project("{FAE04EC0-301F-11D3-BF4B-00C04F79EFBC}") = "L-system-weapon-generator.Editor", "L-system-weapon-generator.Editor.csproj", "{EAC43EFD-2455-72B6-797D-A941EE82CA2F}"
EndProject
Project("{FAE04EC0-301F-11D3-BF4B-00C04F79EFBC}") = "L-system-weapon-generator.Editor.Plugins", "L-system-weapon-generator.Editor.Plugins.csproj", "{27CD80FE-43E4-56B6-B3BA-E8D588EDDAAD}"
EndProject
Global
	GlobalSection(SolutionConfigurationPlatforms) = preSolution
		Debug|Any CPU = Debug|Any CPU
		Release|Any CPU = Release|Any CPU
	EndGlobalSection
	GlobalSection(ProjectConfigurationPlatforms) = postSolution
		{70906C07-C465-3FC7-7249-4EE9683D82C5}.Debug|Any CPU.ActiveCfg = Debug|Any CPU
		{70906C07-C465-3FC7-7249-4EE9683D82C5}.Debug|Any CPU.Build.0 = Debug|Any CPU
		{70906C07-C465-3FC7-7249-4EE9683D82C5}.Release|Any CPU.ActiveCfg = Release|Any CPU
		{70906C07-C465-3FC7-7249-4EE9683D82C5}.Release|Any CPU.Build.0 = Release|Any CPU
		{F1E6EA45-5AFE-A1FA-27C7-AE4D4DE6C404}.Debug|Any CPU.ActiveCfg = Debug|Any CPU
		{F1E6EA45-5AFE-A1FA-27C7-AE4D4DE6C404}.Debug|Any CPU.Build.0 = Debug|Any CPU
		{F1E6EA45-5AFE-A1FA-27C7-AE4D4DE6C404}.Release|Any CPU.ActiveCfg = Release|Any CPU
		{F1E6EA45-5AFE-A1FA-27C7-AE4D4DE6C404}.Release|Any CPU.Build.0 = Release|Any CPU
		{EAC43EFD-2455-72B6-797D-A941EE82CA2F}.Debug|Any CPU.ActiveCfg = Debug|Any CPU
		{EAC43EFD-2455-72B6-797D-A941EE82CA2F}.Debug|Any CPU.Build.0 = Debug|Any CPU
		{EAC43EFD-2455-72B6-797D-A941EE82CA2F}.Release|Any CPU.ActiveCfg = Release|Any CPU
		{EAC43EFD-2455-72B6-797D-A941EE82CA2F}.Release|Any CPU.Build.0 = Release|Any CPU
		{27CD80FE-43E4-56B6-B3BA-E8D588EDDAAD}.Debug|Any CPU.ActiveCfg = Debug|Any CPU
		{27CD80FE-43E4-56B6-B3BA-E8D588EDDAAD}.Debug|Any CPU.Build.0 = Debug|Any CPU
		{27CD80FE-43E4-56B6-B3BA-E8D588EDDAAD}.Release|Any CPU.ActiveCfg = Release|Any CPU
		{27CD80FE-43E4-56B6-B3BA-E8D588EDDAAD}.Release|Any CPU.Build.0 = Release|Any CPU
	EndGlobalSection
	GlobalSection(SolutionProperties) = preSolution
		HideSolutionNode = FALSE
	EndGlobalSection
EndGlobal
